
Microsoft Visual Studio Solution File, Format Version 12.00
# Visual Studio 15
VisualStudioVersion = 15.0.28010.2046
MinimumVisualStudioVersion = 10.0.40219.1
Project("{FAE04EC0-301F-11D3-BF4B-00C04F79EFBC}") = "Demo_LINQ_ClassOfProducts", "Demo_LINQ_ClassOfProducts\Demo_LINQ_ClassOfProducts.csproj", "{5B8F3596-803C-4385-AF0D-7FBBE11DCCD0}"
EndProject
Global
	GlobalSection(SolutionConfigurationPlatforms) = preSolution
		Debug|Any CPU = Debug|Any CPU
		Release|Any CPU = Release|Any CPU
	EndGlobalSection
	GlobalSection(ProjectConfigurationPlatforms) = postSolution
		{5B8F3596-803C-4385-AF0D-7FBBE11DCCD0}.Debug|Any CPU.ActiveCfg = Debug|Any CPU
		{5B8F3596-803C-4385-AF0D-7FBBE11DCCD0}.Debug|Any CPU.Build.0 = Debug|Any CPU
		{5B8F3596-803C-4385-AF0D-7FBBE11DCCD0}.Release|Any CPU.ActiveCfg = Release|Any CPU
		{5B8F3596-803C-4385-AF0D-7FBBE11DCCD0}.Release|Any CPU.Build.0 = Release|Any CPU
	EndGlobalSection
	GlobalSection(SolutionProperties) = preSolution
		HideSolutionNode = FALSE
	EndGlobalSection
	GlobalSection(ExtensibilityGlobals) = postSolution
		SolutionGuid = {3087C7FC-E969-407E-8F56-302E41860C0A}
	EndGlobalSection
EndGlobal
